// !$*UTF8*$!
{
	archiveVersion = 1;
	classes = {
	};
	objectVersion = 46;
	objects = {

/* Begin PBXBuildFile section */
		236DBAFA1F22E1F6003B51CE /* AppDelegate.swift in Sources */ = {isa = PBXBuildFile; fileRef = 236DBAF91F22E1F6003B51CE /* AppDelegate.swift */; };
		236DBAFC1F22E1F6003B51CE /* ViewController.swift in Sources */ = {isa = PBXBuildFile; fileRef = 236DBAFB1F22E1F6003B51CE /* ViewController.swift */; };
		236DBAFF1F22E1F6003B51CE /* Main.storyboard in Resources */ = {isa = PBXBuildFile; fileRef = 236DBAFD1F22E1F6003B51CE /* Main.storyboard */; };
		236DBB011F22E1F6003B51CE /* Assets.xcassets in Resources */ = {isa = PBXBuildFile; fileRef = 236DBB001F22E1F6003B51CE /* Assets.xcassets */; };
		236DBB041F22E1F6003B51CE /* LaunchScreen.storyboard in Resources */ = {isa = PBXBuildFile; fileRef = 236DBB021F22E1F6003B51CE /* LaunchScreen.storyboard */; };
		236DBB0D1F22E306003B51CE /* ViewController.swift in Sources */ = {isa = PBXBuildFile; fileRef = 236DBAFB1F22E1F6003B51CE /* ViewController.swift */; };
		236DBB0E1F22E306003B51CE /* AppDelegate.swift in Sources */ = {isa = PBXBuildFile; fileRef = 236DBAF91F22E1F6003B51CE /* AppDelegate.swift */; };
		236DBB111F22E306003B51CE /* LaunchScreen.storyboard in Resources */ = {isa = PBXBuildFile; fileRef = 236DBB021F22E1F6003B51CE /* LaunchScreen.storyboard */; };
		236DBB121F22E306003B51CE /* Assets.xcassets in Resources */ = {isa = PBXBuildFile; fileRef = 236DBB001F22E1F6003B51CE /* Assets.xcassets */; };
		236DBB131F22E306003B51CE /* Main.storyboard in Resources */ = {isa = PBXBuildFile; fileRef = 236DBAFD1F22E1F6003B51CE /* Main.storyboard */; };
		23BF1F5B1FFC8148007E52A3 /* CalculateScreen.swift in Sources */ = {isa = PBXBuildFile; fileRef = 23BF1F5A1FFC8147007E52A3 /* CalculateScreen.swift */; };
		23BF1F5C1FFC8148007E52A3 /* CalculateScreen.swift in Sources */ = {isa = PBXBuildFile; fileRef = 23BF1F5A1FFC8147007E52A3 /* CalculateScreen.swift */; };
		23E2E7281F251DB9009A18B6 /* AboutScreen.swift in Sources */ = {isa = PBXBuildFile; fileRef = 23E2E7271F251DB9009A18B6 /* AboutScreen.swift */; };
		23E2E7291F251DB9009A18B6 /* AboutScreen.swift in Sources */ = {isa = PBXBuildFile; fileRef = 23E2E7271F251DB9009A18B6 /* AboutScreen.swift */; };
/* End PBXBuildFile section */

/* Begin PBXFileReference section */
		236DBAF61F22E1F6003B51CE /* FlipulatorFreeIOS.app */ = {isa = PBXFileReference; explicitFileType = wrapper.application; includeInIndex = 0; path = FlipulatorFreeIOS.app; sourceTree = BUILT_PRODUCTS_DIR; };
		236DBAF91F22E1F6003B51CE /* AppDelegate.swift */ = {isa = PBXFileReference; lastKnownFileType = sourcecode.swift; name = AppDelegate.swift; path = FlipulatorIOS/AppDelegate.swift; sourceTree = "<group>"; };
		236DBAFB1F22E1F6003B51CE /* ViewController.swift */ = {isa = PBXFileReference; lastKnownFileType = sourcecode.swift; name = ViewController.swift; path = FlipulatorIOS/ViewController.swift; sourceTree = "<group>"; };
		236DBAFE1F22E1F6003B51CE /* Base */ = {isa = PBXFileReference; lastKnownFileType = file.storyboard; name = Base; path = Base.lproj/Main.storyboard; sourceTree = "<group>"; };
		236DBB001F22E1F6003B51CE /* Assets.xcassets */ = {isa = PBXFileReference; lastKnownFileType = folder.assetcatalog; name = Assets.xcassets; path = FlipulatorIOS/Assets.xcassets; sourceTree = "<group>"; };
		236DBB031F22E1F6003B51CE /* Base */ = {isa = PBXFileReference; lastKnownFileType = file.storyboard; name = Base; path = Base.lproj/LaunchScreen.storyboard; sourceTree = "<group>"; };
		236DBB051F22E1F6003B51CE /* FlipulatorFreeIOS.plist */ = {isa = PBXFileReference; lastKnownFileType = text.plist.xml; name = FlipulatorFreeIOS.plist; path = FlipulatorIOS/FlipulatorFreeIOS.plist; sourceTree = "<group>"; };
		236DBB171F22E306003B51CE /* FlipulatorPremiumIOS.app */ = {isa = PBXFileReference; explicitFileType = wrapper.application; includeInIndex = 0; path = FlipulatorPremiumIOS.app; sourceTree = BUILT_PRODUCTS_DIR; };
		236DBB181F22E306003B51CE /* FlipulatorPremiumIOS.plist */ = {isa = PBXFileReference; lastKnownFileType = text.plist.xml; name = FlipulatorPremiumIOS.plist; path = /Users/dburgnerjr/FlipulatorIOS/FlipulatorIOS/FlipulatorPremiumIOS.plist; sourceTree = "<absolute>"; };
		23BF1F5A1FFC8147007E52A3 /* CalculateScreen.swift */ = {isa = PBXFileReference; lastKnownFileType = sourcecode.swift; path = CalculateScreen.swift; sourceTree = "<group>"; };
		23E2E7271F251DB9009A18B6 /* AboutScreen.swift */ = {isa = PBXFileReference; fileEncoding = 4; lastKnownFileType = sourcecode.swift; name = AboutScreen.swift; path = FlipulatorIOS/AboutScreen.swift; sourceTree = "<group>"; };
/* End PBXFileReference section */

/* Begin PBXFrameworksBuildPhase section */
		236DBAF31F22E1F6003B51CE /* Frameworks */ = {
			isa = PBXFrameworksBuildPhase;
			buildActionMask = 2147483647;
			files = (
			);
			runOnlyForDeploymentPostprocessing = 0;
		};
		236DBB0F1F22E306003B51CE /* Frameworks */ = {
			isa = PBXFrameworksBuildPhase;
			buildActionMask = 2147483647;
			files = (
			);
			runOnlyForDeploymentPostprocessing = 0;
		};
/* End PBXFrameworksBuildPhase section */

/* Begin PBXGroup section */
		236DBAED1F22E1F6003B51CE = {
			isa = PBXGroup;
			children = (
				236DBAF91F22E1F6003B51CE /* AppDelegate.swift */,
				236DBAFB1F22E1F6003B51CE /* ViewController.swift */,
				236DBAFD1F22E1F6003B51CE /* Main.storyboard */,
				23E2E7271F251DB9009A18B6 /* AboutScreen.swift */,
				23BF1F5A1FFC8147007E52A3 /* CalculateScreen.swift */,
				236DBB001F22E1F6003B51CE /* Assets.xcassets */,
				236DBB021F22E1F6003B51CE /* LaunchScreen.storyboard */,
				236DBB051F22E1F6003B51CE /* FlipulatorFreeIOS.plist */,
				236DBB181F22E306003B51CE /* FlipulatorPremiumIOS.plist */,
				236DBAF71F22E1F6003B51CE /* Products */,
			);
			sourceTree = "<group>";
		};
		236DBAF71F22E1F6003B51CE /* Products */ = {
			isa = PBXGroup;
			children = (
				236DBAF61F22E1F6003B51CE /* FlipulatorFreeIOS.app */,
				236DBB171F22E306003B51CE /* FlipulatorPremiumIOS.app */,
			);
			name = Products;
			sourceTree = "<group>";
		};
/* End PBXGroup section */

/* Begin PBXNativeTarget section */
		236DBAF51F22E1F6003B51CE /* FlipulatorFreeIOS */ = {
			isa = PBXNativeTarget;
			buildConfigurationList = 236DBB081F22E1F6003B51CE /* Build configuration list for PBXNativeTarget "FlipulatorFreeIOS" */;
			buildPhases = (
				236DBAF21F22E1F6003B51CE /* Sources */,
				236DBAF31F22E1F6003B51CE /* Frameworks */,
				236DBAF41F22E1F6003B51CE /* Resources */,
			);
			buildRules = (
			);
			dependencies = (
			);
			name = FlipulatorFreeIOS;
			productName = FlipulatorIOS;
			productReference = 236DBAF61F22E1F6003B51CE /* FlipulatorFreeIOS.app */;
			productType = "com.apple.product-type.application";
		};
		236DBB0B1F22E306003B51CE /* FlipulatorPremiumIOS */ = {
			isa = PBXNativeTarget;
			buildConfigurationList = 236DBB141F22E306003B51CE /* Build configuration list for PBXNativeTarget "FlipulatorPremiumIOS" */;
			buildPhases = (
				236DBB0C1F22E306003B51CE /* Sources */,
				236DBB0F1F22E306003B51CE /* Frameworks */,
				236DBB101F22E306003B51CE /* Resources */,
			);
			buildRules = (
			);
			dependencies = (
			);
			name = FlipulatorPremiumIOS;
			productName = FlipulatorIOS;
			productReference = 236DBB171F22E306003B51CE /* FlipulatorPremiumIOS.app */;
			productType = "com.apple.product-type.application";
		};
/* End PBXNativeTarget section */

/* Begin PBXProject section */
		236DBAEE1F22E1F6003B51CE /* Project object */ = {
			isa = PBXProject;
			attributes = {
				LastSwiftUpdateCheck = 0830;
				LastUpgradeCheck = 0830;
				ORGANIZATIONNAME = "Daniel Burgner";
				TargetAttributes = {
					236DBAF51F22E1F6003B51CE = {
						CreatedOnToolsVersion = 8.3.3;
						DevelopmentTeam = JEGM3HZ27P;
						ProvisioningStyle = Automatic;
					};
					236DBB0B1F22E306003B51CE = {
						DevelopmentTeam = JEGM3HZ27P;
					};
				};
			};
			buildConfigurationList = 236DBAF11F22E1F6003B51CE /* Build configuration list for PBXProject "FlipulatorIOS" */;
			compatibilityVersion = "Xcode 3.2";
			developmentRegion = English;
			hasScannedForEncodings = 0;
			knownRegions = (
				en,
				Base,
			);
			mainGroup = 236DBAED1F22E1F6003B51CE;
			productRefGroup = 236DBAF71F22E1F6003B51CE /* Products */;
			projectDirPath = "";
			projectRoot = "";
			targets = (
				236DBAF51F22E1F6003B51CE /* FlipulatorFreeIOS */,
				236DBB0B1F22E306003B51CE /* FlipulatorPremiumIOS */,
			);
		};
/* End PBXProject section */

/* Begin PBXResourcesBuildPhase section */
		236DBAF41F22E1F6003B51CE /* Resources */ = {
			isa = PBXResourcesBuildPhase;
			buildActionMask = 2147483647;
			files = (
				236DBB041F22E1F6003B51CE /* LaunchScreen.storyboard in Resources */,
				236DBB011F22E1F6003B51CE /* Assets.xcassets in Resources */,
				236DBAFF1F22E1F6003B51CE /* Main.storyboard in Resources */,
			);
			runOnlyForDeploymentPostprocessing = 0;
		};
		236DBB101F22E306003B51CE /* Resources */ = {
			isa = PBXResourcesBuildPhase;
			buildActionMask = 2147483647;
			files = (
				236DBB111F22E306003B51CE /* LaunchScreen.storyboard in Resources */,
				236DBB121F22E306003B51CE /* Assets.xcassets in Resources */,
				236DBB131F22E306003B51CE /* Main.storyboard in Resources */,
			);
			runOnlyForDeploymentPostprocessing = 0;
		};
/* End PBXResourcesBuildPhase section */

/* Begin PBXSourcesBuildPhase section */
		236DBAF21F22E1F6003B51CE /* Sources */ = {
			isa = PBXSourcesBuildPhase;
			buildActionMask = 2147483647;
			files = (
				236DBAFC1F22E1F6003B51CE /* ViewController.swift in Sources */,
				236DBAFA1F22E1F6003B51CE /* AppDelegate.swift in Sources */,
				23BF1F5B1FFC8148007E52A3 /* CalculateScreen.swift in Sources */,
				23E2E7281F251DB9009A18B6 /* AboutScreen.swift in Sources */,
			);
			runOnlyForDeploymentPostprocessing = 0;
		};
		236DBB0C1F22E306003B51CE /* Sources */ = {
			isa = PBXSourcesBuildPhase;
			buildActionMask = 2147483647;
			files = (
				236DBB0D1F22E306003B51CE /* ViewController.swift in Sources */,
				236DBB0E1F22E306003B51CE /* AppDelegate.swift in Sources */,
				23BF1F5C1FFC8148007E52A3 /* CalculateScreen.swift in Sources */,
				23E2E7291F251DB9009A18B6 /* AboutScreen.swift in Sources */,
			);
			runOnlyForDeploymentPostprocessing = 0;
		};
/* End PBXSourcesBuildPhase section */

/* Begin PBXVariantGroup section */
		236DBAFD1F22E1F6003B51CE /* Main.storyboard */ = {
			isa = PBXVariantGroup;
			children = (
				236DBAFE1F22E1F6003B51CE /* Base */,
			);
			name = Main.storyboard;
			path = FlipulatorIOS;
			sourceTree = "<group>";
		};
		236DBB021F22E1F6003B51CE /* LaunchScreen.storyboard */ = {
			isa = PBXVariantGroup;
			children = (
				236DBB031F22E1F6003B51CE /* Base */,
			);
			name = LaunchScreen.storyboard;
			path = FlipulatorIOS;
			sourceTree = "<group>";
		};
/* End PBXVariantGroup section */

/* Begin XCBuildConfiguration section */
		236DBB061F22E1F6003B51CE /* Debug */ = {
			isa = XCBuildConfiguration;
			buildSettings = {
				ALWAYS_SEARCH_USER_PATHS = NO;
				CLANG_ANALYZER_NONNULL = YES;
				CLANG_ANALYZER_NUMBER_OBJECT_CONVERSION = YES_AGGRESSIVE;
				CLANG_CXX_LANGUAGE_STANDARD = "gnu++0x";
				CLANG_CXX_LIBRARY = "libc++";
				CLANG_ENABLE_MODULES = YES;
				CLANG_ENABLE_OBJC_ARC = YES;
				CLANG_WARN_BOOL_CONVERSION = YES;
				CLANG_WARN_CONSTANT_CONVERSION = YES;
				CLANG_WARN_DIRECT_OBJC_ISA_USAGE = YES_ERROR;
				CLANG_WARN_DOCUMENTATION_COMMENTS = YES;
				CLANG_WARN_EMPTY_BODY = YES;
				CLANG_WARN_ENUM_CONVERSION = YES;
				CLANG_WARN_INFINITE_RECURSION = YES;
				CLANG_WARN_INT_CONVERSION = YES;
				CLANG_WARN_OBJC_ROOT_CLASS = YES_ERROR;
				CLANG_WARN_SUSPICIOUS_MOVE = YES;
				CLANG_WARN_UNREACHABLE_CODE = YES;
				CLANG_WARN__DUPLICATE_METHOD_MATCH = YES;
				"CODE_SIGN_IDENTITY[sdk=iphoneos*]" = "iPhone Developer";
				COPY_PHASE_STRIP = NO;
				DEBUG_INFORMATION_FORMAT = dwarf;
				ENABLE_STRICT_OBJC_MSGSEND = YES;
				ENABLE_TESTABILITY = YES;
				GCC_C_LANGUAGE_STANDARD = gnu99;
				GCC_DYNAMIC_NO_PIC = NO;
				GCC_NO_COMMON_BLOCKS = YES;
				GCC_OPTIMIZATION_LEVEL = 0;
				GCC_PREPROCESSOR_DEFINITIONS = (
					"DEBUG=1",
					"$(inherited)",
				);
				GCC_WARN_64_TO_32_BIT_CONVERSION = YES;
				GCC_WARN_ABOUT_RETURN_TYPE = YES_ERROR;
				GCC_WARN_UNDECLARED_SELECTOR = YES;
				GCC_WARN_UNINITIALIZED_AUTOS = YES_AGGRESSIVE;
				GCC_WARN_UNUSED_FUNCTION = YES;
				GCC_WARN_UNUSED_VARIABLE = YES;
				IPHONEOS_DEPLOYMENT_TARGET = 10.3;
				MTL_ENABLE_DEBUG_INFO = YES;
				ONLY_ACTIVE_ARCH = YES;
				SDKROOT = iphoneos;
				SWIFT_ACTIVE_COMPILATION_CONDITIONS = DEBUG;
				SWIFT_OPTIMIZATION_LEVEL = "-Onone";
				TARGETED_DEVICE_FAMILY = "1,2";
			};
			name = Debug;
		};
		236DBB071F22E1F6003B51CE /* Release */ = {
			isa = XCBuildConfiguration;
			buildSettings = {
				ALWAYS_SEARCH_USER_PATHS = NO;
				CLANG_ANALYZER_NONNULL = YES;
				CLANG_ANALYZER_NUMBER_OBJECT_CONVERSION = YES_AGGRESSIVE;
				CLANG_CXX_LANGUAGE_STANDARD = "gnu++0x";
				CLANG_CXX_LIBRARY = "libc++";
				CLANG_ENABLE_MODULES = YES;
				CLANG_ENABLE_OBJC_ARC = YES;
				CLANG_WARN_BOOL_CONVERSION = YES;
				CLANG_WARN_CONSTANT_CONVERSION = YES;
				CLANG_WARN_DIRECT_OBJC_ISA_USAGE = YES_ERROR;
				CLANG_WARN_DOCUMENTATION_COMMENTS = YES;
				CLANG_WARN_EMPTY_BODY = YES;
				CLANG_WARN_ENUM_CONVERSION = YES;
				CLANG_WARN_INFINITE_RECURSION = YES;
				CLANG_WARN_INT_CONVERSION = YES;
				CLANG_WARN_OBJC_ROOT_CLASS = YES_ERROR;
				CLANG_WARN_SUSPICIOUS_MOVE = YES;
				CLANG_WARN_UNREACHABLE_CODE = YES;
				CLANG_WARN__DUPLICATE_METHOD_MATCH = YES;
				"CODE_SIGN_IDENTITY[sdk=iphoneos*]" = "iPhone Developer";
				COPY_PHASE_STRIP = NO;
				DEBUG_INFORMATION_FORMAT = "dwarf-with-dsym";
				ENABLE_NS_ASSERTIONS = NO;
				ENABLE_STRICT_OBJC_MSGSEND = YES;
				GCC_C_LANGUAGE_STANDARD = gnu99;
				GCC_NO_COMMON_BLOCKS = YES;
				GCC_WARN_64_TO_32_BIT_CONVERSION = YES;
				GCC_WARN_ABOUT_RETURN_TYPE = YES_ERROR;
				GCC_WARN_UNDECLARED_SELECTOR = YES;
				GCC_WARN_UNINITIALIZED_AUTOS = YES_AGGRESSIVE;
				GCC_WARN_UNUSED_FUNCTION = YES;
				GCC_WARN_UNUSED_VARIABLE = YES;
				IPHONEOS_DEPLOYMENT_TARGET = 10.3;
				MTL_ENABLE_DEBUG_INFO = NO;
				SDKROOT = iphoneos;
				SWIFT_OPTIMIZATION_LEVEL = "-Owholemodule";
				TARGETED_DEVICE_FAMILY = "1,2";
				VALIDATE_PRODUCT = YES;
			};
			name = Release;
		};
		236DBB091F22E1F6003B51CE /* Debug */ = {
			isa = XCBuildConfiguration;
			buildSettings = {
				ASSETCATALOG_COMPILER_APPICON_NAME = AppIcon;
				DEVELOPMENT_TEAM = JEGM3HZ27P;
				INFOPLIST_FILE = "$(SRCROOT)/FlipulatorIOS/FlipulatorFreeIOS.plist";
				LD_RUNPATH_SEARCH_PATHS = "$(inherited) @executable_path/Frameworks";
				PRODUCT_BUNDLE_IDENTIFIER = "dburgnerjr.Flipulator-Free";
				PRODUCT_NAME = "$(TARGET_NAME)";
				SWIFT_VERSION = 3.0;
			};
			name = Debug;
		};
		236DBB0A1F22E1F6003B51CE /* Release */ = {
			isa = XCBuildConfiguration;
			buildSettings = {
				ASSETCATALOG_COMPILER_APPICON_NAME = AppIcon;
				DEVELOPMENT_TEAM = JEGM3HZ27P;
				INFOPLIST_FILE = "$(SRCROOT)/FlipulatorIOS/FlipulatorFreeIOS.plist";
				LD_RUNPATH_SEARCH_PATHS = "$(inherited) @executable_path/Frameworks";
				PRODUCT_BUNDLE_IDENTIFIER = "dburgnerjr.Flipulator-Free";
				PRODUCT_NAME = "$(TARGET_NAME)";
				SWIFT_VERSION = 3.0;
			};
			name = Release;
		};
		236DBB151F22E306003B51CE /* Debug */ = {
			isa = XCBuildConfiguration;
			buildSettings = {
				ASSETCATALOG_COMPILER_APPICON_NAME = AppIcon;
				DEVELOPMENT_TEAM = JEGM3HZ27P;
				INFOPLIST_FILE = "$(SRCROOT)/FlipulatorPremiumIOS.plist";
				LD_RUNPATH_SEARCH_PATHS = "$(inherited) @executable_path/Frameworks";
				PRODUCT_BUNDLE_IDENTIFIER = "dburgnerjr.Flipulator-Premium";
				PRODUCT_NAME = "$(TARGET_NAME)";
				SWIFT_VERSION = 3.0;
			};
			name = Debug;
		};
		236DBB161F22E306003B51CE /* Release */ = {
			isa = XCBuildConfiguration;
			buildSettings = {
				ASSETCATALOG_COMPILER_APPICON_NAME = AppIcon;
				DEVELOPMENT_TEAM = JEGM3HZ27P;
				INFOPLIST_FILE = "$(SRCROOT)/FlipulatorPremiumIOS.plist";
				LD_RUNPATH_SEARCH_PATHS = "$(inherited) @executable_path/Frameworks";
				PRODUCT_BUNDLE_IDENTIFIER = "dburgnerjr.Flipulator-Premium";
				PRODUCT_NAME = "$(TARGET_NAME)";
				SWIFT_VERSION = 3.0;
			};
			name = Release;
		};
/* End XCBuildConfiguration section */

/* Begin XCConfigurationList section */
		236DBAF11F22E1F6003B51CE /* Build configuration list for PBXProject "FlipulatorIOS" */ = {
			isa = XCConfigurationList;
			buildConfigurations = (
				236DBB061F22E1F6003B51CE /* Debug */,
				236DBB071F22E1F6003B51CE /* Release */,
			);
			defaultConfigurationIsVisible = 0;
			defaultConfigurationName = Release;
		};
		236DBB081F22E1F6003B51CE /* Build configuration list for PBXNativeTarget "FlipulatorFreeIOS" */ = {
			isa = XCConfigurationList;
			buildConfigurations = (
				236DBB091F22E1F6003B51CE /* Debug */,
				236DBB0A1F22E1F6003B51CE /* Release */,
			);
			defaultConfigurationIsVisible = 0;
			defaultConfigurationName = Release;
		};
		236DBB141F22E306003B51CE /* Build configuration list for PBXNativeTarget "FlipulatorPremiumIOS" */ = {
			isa = XCConfigurationList;
			buildConfigurations = (
				236DBB151F22E306003B51CE /* Debug */,
				236DBB161F22E306003B51CE /* Release */,
			);
			defaultConfigurationIsVisible = 0;
			defaultConfigurationName = Release;
		};
/* End XCConfigurationList section */
	};
	rootObject = 236DBAEE1F22E1F6003B51CE /* Project object */;
}
